
Microsoft Visual Studio Solution File, Format Version 12.00
# Visual Studio Version 17
VisualStudioVersion = 17.11.35327.3
MinimumVisualStudioVersion = 10.0.40219.1
Project("{FAE04EC0-301F-11D3-BF4B-00C04F79EFBC}") = "BackEnd Project", "BackEnd Project\BackEnd Project.csproj", "{244B8FD0-F5FA-41FB-A6B2-2966D1E166A8}"
EndProject
Global
	GlobalSection(SolutionConfigurationPlatforms) = preSolution
		Debug|Any CPU = Debug|Any CPU
		Release|Any CPU = Release|Any CPU
	EndGlobalSection
	GlobalSection(ProjectConfigurationPlatforms) = postSolution
		{244B8FD0-F5FA-41FB-A6B2-2966D1E166A8}.Debug|Any CPU.ActiveCfg = Debug|Any CPU
		{244B8FD0-F5FA-41FB-A6B2-2966D1E166A8}.Debug|Any CPU.Build.0 = Debug|Any CPU
		{244B8FD0-F5FA-41FB-A6B2-2966D1E166A8}.Release|Any CPU.ActiveCfg = Release|Any CPU
		{244B8FD0-F5FA-41FB-A6B2-2966D1E166A8}.Release|Any CPU.Build.0 = Release|Any CPU
	EndGlobalSection
	GlobalSection(SolutionProperties) = preSolution
		HideSolutionNode = FALSE
	EndGlobalSection
	GlobalSection(ExtensibilityGlobals) = postSolution
		SolutionGuid = {85378279-B5E6-4F58-960A-437F9ADF04D9}
	EndGlobalSection
EndGlobal
